
Microsoft Visual Studio Solution File, Format Version 12.00
# Visual Studio Version 16
VisualStudioVersion = 16.0.29905.134
MinimumVisualStudioVersion = 10.0.40219.1
Project("{FAE04EC0-301F-11D3-BF4B-00C04F79EFBC}") = "Parcial2", "Parcial2\Parcial2.csproj", "{572478C5-1661-4306-B3C0-465D4D8E9E7C}"
EndProject
Global
	GlobalSection(SolutionConfigurationPlatforms) = preSolution
		Debug|Any CPU = Debug|Any CPU
		Release|Any CPU = Release|Any CPU
	EndGlobalSection
	GlobalSection(ProjectConfigurationPlatforms) = postSolution
		{572478C5-1661-4306-B3C0-465D4D8E9E7C}.Debug|Any CPU.ActiveCfg = Debug|Any CPU
		{572478C5-1661-4306-B3C0-465D4D8E9E7C}.Debug|Any CPU.Build.0 = Debug|Any CPU
		{572478C5-1661-4306-B3C0-465D4D8E9E7C}.Release|Any CPU.ActiveCfg = Release|Any CPU
		{572478C5-1661-4306-B3C0-465D4D8E9E7C}.Release|Any CPU.Build.0 = Release|Any CPU
	EndGlobalSection
	GlobalSection(SolutionProperties) = preSolution
		HideSolutionNode = FALSE
	EndGlobalSection
	GlobalSection(ExtensibilityGlobals) = postSolution
		SolutionGuid = {6B3A9883-4B6A-4389-B665-AF7A1647D131}
	EndGlobalSection
EndGlobal
